// !$*UTF8*$!
{
	archiveVersion = 1;
	classes = {
	};
	objectVersion = 50;
	objects = {

/* Begin PBXBuildFile section */
		CE0C254B23F9B84800C913AF /* AppDelegate.swift in Sources */ = {isa = PBXBuildFile; fileRef = CE0C254A23F9B84800C913AF /* AppDelegate.swift */; };
		CE0C254D23F9B84800C913AF /* SceneDelegate.swift in Sources */ = {isa = PBXBuildFile; fileRef = CE0C254C23F9B84800C913AF /* SceneDelegate.swift */; };
		CE0C254F23F9B84800C913AF /* ViewController.swift in Sources */ = {isa = PBXBuildFile; fileRef = CE0C254E23F9B84800C913AF /* ViewController.swift */; };
		CE0C255223F9B84800C913AF /* Main.storyboard in Resources */ = {isa = PBXBuildFile; fileRef = CE0C255023F9B84800C913AF /* Main.storyboard */; };
		CE0C255523F9B84800C913AF /* Progress_Journal.xcdatamodeld in Sources */ = {isa = PBXBuildFile; fileRef = CE0C255323F9B84800C913AF /* Progress_Journal.xcdatamodeld */; };
		CE0C255723F9B84C00C913AF /* Assets.xcassets in Resources */ = {isa = PBXBuildFile; fileRef = CE0C255623F9B84C00C913AF /* Assets.xcassets */; };
		CE0C255A23F9B84C00C913AF /* LaunchScreen.storyboard in Resources */ = {isa = PBXBuildFile; fileRef = CE0C255823F9B84C00C913AF /* LaunchScreen.storyboard */; };
/* End PBXBuildFile section */

/* Begin PBXFileReference section */
		CE0C254723F9B84800C913AF /* Progress Journal.app */ = {isa = PBXFileReference; explicitFileType = wrapper.application; includeInIndex = 0; path = "Progress Journal.app"; sourceTree = BUILT_PRODUCTS_DIR; };
		CE0C254A23F9B84800C913AF /* AppDelegate.swift */ = {isa = PBXFileReference; lastKnownFileType = sourcecode.swift; path = AppDelegate.swift; sourceTree = "<group>"; };
		CE0C254C23F9B84800C913AF /* SceneDelegate.swift */ = {isa = PBXFileReference; lastKnownFileType = sourcecode.swift; path = SceneDelegate.swift; sourceTree = "<group>"; };
		CE0C254E23F9B84800C913AF /* ViewController.swift */ = {isa = PBXFileReference; lastKnownFileType = sourcecode.swift; path = ViewController.swift; sourceTree = "<group>"; };
		CE0C255123F9B84800C913AF /* Base */ = {isa = PBXFileReference; lastKnownFileType = file.storyboard; name = Base; path = Base.lproj/Main.storyboard; sourceTree = "<group>"; };
		CE0C255423F9B84800C913AF /* Progress_Journal.xcdatamodel */ = {isa = PBXFileReference; lastKnownFileType = wrapper.xcdatamodel; path = Progress_Journal.xcdatamodel; sourceTree = "<group>"; };
		CE0C255623F9B84C00C913AF /* Assets.xcassets */ = {isa = PBXFileReference; lastKnownFileType = folder.assetcatalog; path = Assets.xcassets; sourceTree = "<group>"; };
		CE0C255923F9B84C00C913AF /* Base */ = {isa = PBXFileReference; lastKnownFileType = file.storyboard; name = Base; path = Base.lproj/LaunchScreen.storyboard; sourceTree = "<group>"; };
		CE0C255B23F9B84C00C913AF /* Info.plist */ = {isa = PBXFileReference; lastKnownFileType = text.plist.xml; path = Info.plist; sourceTree = "<group>"; };
/* End PBXFileReference section */

/* Begin PBXFrameworksBuildPhase section */
		CE0C254423F9B84800C913AF /* Frameworks */ = {
			isa = PBXFrameworksBuildPhase;
			buildActionMask = 2147483647;
			files = (
			);
			runOnlyForDeploymentPostprocessing = 0;
		};
/* End PBXFrameworksBuildPhase section */

/* Begin PBXGroup section */
		CE0C253E23F9B84800C913AF = {
			isa = PBXGroup;
			children = (
				CE0C254923F9B84800C913AF /* Progress Journal */,
				CE0C254823F9B84800C913AF /* Products */,
			);
			sourceTree = "<group>";
		};
		CE0C254823F9B84800C913AF /* Products */ = {
			isa = PBXGroup;
			children = (
				CE0C254723F9B84800C913AF /* Progress Journal.app */,
			);
			name = Products;
			sourceTree = "<group>";
		};
		CE0C254923F9B84800C913AF /* Progress Journal */ = {
			isa = PBXGroup;
			children = (
				CE0C254A23F9B84800C913AF /* AppDelegate.swift */,
				CE0C254C23F9B84800C913AF /* SceneDelegate.swift */,
				CE0C254E23F9B84800C913AF /* ViewController.swift */,
				CE0C255023F9B84800C913AF /* Main.storyboard */,
				CE0C255623F9B84C00C913AF /* Assets.xcassets */,
				CE0C255823F9B84C00C913AF /* LaunchScreen.storyboard */,
				CE0C255B23F9B84C00C913AF /* Info.plist */,
				CE0C255323F9B84800C913AF /* Progress_Journal.xcdatamodeld */,
			);
			path = "Progress Journal";
			sourceTree = "<group>";
		};
/* End PBXGroup section */

/* Begin PBXNativeTarget section */
		CE0C254623F9B84800C913AF /* Progress Journal */ = {
			isa = PBXNativeTarget;
			buildConfigurationList = CE0C255E23F9B84C00C913AF /* Build configuration list for PBXNativeTarget "Progress Journal" */;
			buildPhases = (
				CE0C254323F9B84800C913AF /* Sources */,
				CE0C254423F9B84800C913AF /* Frameworks */,
				CE0C254523F9B84800C913AF /* Resources */,
			);
			buildRules = (
			);
			dependencies = (
			);
			name = "Progress Journal";
			productName = "Progress Journal";
			productReference = CE0C254723F9B84800C913AF /* Progress Journal.app */;
			productType = "com.apple.product-type.application";
		};
/* End PBXNativeTarget section */

/* Begin PBXProject section */
		CE0C253F23F9B84800C913AF /* Project object */ = {
			isa = PBXProject;
			attributes = {
				LastSwiftUpdateCheck = 1130;
				LastUpgradeCheck = 1130;
				ORGANIZATIONNAME = jheisecke;
				TargetAttributes = {
					CE0C254623F9B84800C913AF = {
						CreatedOnToolsVersion = 11.3.1;
					};
				};
			};
			buildConfigurationList = CE0C254223F9B84800C913AF /* Build configuration list for PBXProject "Progress Journal" */;
			compatibilityVersion = "Xcode 9.3";
			developmentRegion = en;
			hasScannedForEncodings = 0;
			knownRegions = (
				en,
				Base,
			);
			mainGroup = CE0C253E23F9B84800C913AF;
			productRefGroup = CE0C254823F9B84800C913AF /* Products */;
			projectDirPath = "";
			projectRoot = "";
			targets = (
				CE0C254623F9B84800C913AF /* Progress Journal */,
			);
		};
/* End PBXProject section */

/* Begin PBXResourcesBuildPhase section */
		CE0C254523F9B84800C913AF /* Resources */ = {
			isa = PBXResourcesBuildPhase;
			buildActionMask = 2147483647;
			files = (
				CE0C255A23F9B84C00C913AF /* LaunchScreen.storyboard in Resources */,
				CE0C255723F9B84C00C913AF /* Assets.xcassets in Resources */,
				CE0C255223F9B84800C913AF /* Main.storyboard in Resources */,
			);
			runOnlyForDeploymentPostprocessing = 0;
		};
/* End PBXResourcesBuildPhase section */

/* Begin PBXSourcesBuildPhase section */
		CE0C254323F9B84800C913AF /* Sources */ = {
			isa = PBXSourcesBuildPhase;
			buildActionMask = 2147483647;
			files = (
				CE0C255523F9B84800C913AF /* Progress_Journal.xcdatamodeld in Sources */,
				CE0C254F23F9B84800C913AF /* ViewController.swift in Sources */,
				CE0C254B23F9B84800C913AF /* AppDelegate.swift in Sources */,
				CE0C254D23F9B84800C913AF /* SceneDelegate.swift in Sources */,
			);
			runOnlyForDeploymentPostprocessing = 0;
		};
/* End PBXSourcesBuildPhase section */

/* Begin PBXVariantGroup section */
		CE0C255023F9B84800C913AF /* Main.storyboard */ = {
			isa = PBXVariantGroup;
			children = (
				CE0C255123F9B84800C913AF /* Base */,
			);
			name = Main.storyboard;
			sourceTree = "<group>";
		};
		CE0C255823F9B84C00C913AF /* LaunchScreen.storyboard */ = {
			isa = PBXVariantGroup;
			children = (
				CE0C255923F9B84C00C913AF /* Base */,
			);
			name = LaunchScreen.storyboard;
			sourceTree = "<group>";
		};
/* End PBXVariantGroup section */

/* Begin XCBuildConfiguration section */
		CE0C255C23F9B84C00C913AF /* Debug */ = {
			isa = XCBuildConfiguration;
			buildSettings = {
				ALWAYS_SEARCH_USER_PATHS = NO;
				CLANG_ANALYZER_NONNULL = YES;
				CLANG_ANALYZER_NUMBER_OBJECT_CONVERSION = YES_AGGRESSIVE;
				CLANG_CXX_LANGUAGE_STANDARD = "gnu++14";
				CLANG_CXX_LIBRARY = "libc++";
				CLANG_ENABLE_MODULES = YES;
				CLANG_ENABLE_OBJC_ARC = YES;
				CLANG_ENABLE_OBJC_WEAK = YES;
				CLANG_WARN_BLOCK_CAPTURE_AUTORELEASING = YES;
				CLANG_WARN_BOOL_CONVERSION = YES;
				CLANG_WARN_COMMA = YES;
				CLANG_WARN_CONSTANT_CONVERSION = YES;
				CLANG_WARN_DEPRECATED_OBJC_IMPLEMENTATIONS = YES;
				CLANG_WARN_DIRECT_OBJC_ISA_USAGE = YES_ERROR;
				CLANG_WARN_DOCUMENTATION_COMMENTS = YES;
				CLANG_WARN_EMPTY_BODY = YES;
				CLANG_WARN_ENUM_CONVERSION = YES;
				CLANG_WARN_INFINITE_RECURSION = YES;
				CLANG_WARN_INT_CONVERSION = YES;
				CLANG_WARN_NON_LITERAL_NULL_CONVERSION = YES;
				CLANG_WARN_OBJC_IMPLICIT_RETAIN_SELF = YES;
				CLANG_WARN_OBJC_LITERAL_CONVERSION = YES;
				CLANG_WARN_OBJC_ROOT_CLASS = YES_ERROR;
				CLANG_WARN_RANGE_LOOP_ANALYSIS = YES;
				CLANG_WARN_STRICT_PROTOTYPES = YES;
				CLANG_WARN_SUSPICIOUS_MOVE = YES;
				CLANG_WARN_UNGUARDED_AVAILABILITY = YES_AGGRESSIVE;
				CLANG_WARN_UNREACHABLE_CODE = YES;
				CLANG_WARN__DUPLICATE_METHOD_MATCH = YES;
				COPY_PHASE_STRIP = NO;
				DEBUG_INFORMATION_FORMAT = dwarf;
				ENABLE_STRICT_OBJC_MSGSEND = YES;
				ENABLE_TESTABILITY = YES;
				GCC_C_LANGUAGE_STANDARD = gnu11;
				GCC_DYNAMIC_NO_PIC = NO;
				GCC_NO_COMMON_BLOCKS = YES;
				GCC_OPTIMIZATION_LEVEL = 0;
				GCC_PREPROCESSOR_DEFINITIONS = (
					"DEBUG=1",
					"$(inherited)",
				);
				GCC_WARN_64_TO_32_BIT_CONVERSION = YES;
				GCC_WARN_ABOUT_RETURN_TYPE = YES_ERROR;
				GCC_WARN_UNDECLARED_SELECTOR = YES;
				GCC_WARN_UNINITIALIZED_AUTOS = YES_AGGRESSIVE;
				GCC_WARN_UNUSED_FUNCTION = YES;
				GCC_WARN_UNUSED_VARIABLE = YES;
				IPHONEOS_DEPLOYMENT_TARGET = 13.2;
				MTL_ENABLE_DEBUG_INFO = INCLUDE_SOURCE;
				MTL_FAST_MATH = YES;
				ONLY_ACTIVE_ARCH = YES;
				SDKROOT = iphoneos;
				SWIFT_ACTIVE_COMPILATION_CONDITIONS = DEBUG;
				SWIFT_OPTIMIZATION_LEVEL = "-Onone";
			};
			name = Debug;
		};
		CE0C255D23F9B84C00C913AF /* Release */ = {
			isa = XCBuildConfiguration;
			buildSettings = {
				ALWAYS_SEARCH_USER_PATHS = NO;
				CLANG_ANALYZER_NONNULL = YES;
				CLANG_ANALYZER_NUMBER_OBJECT_CONVERSION = YES_AGGRESSIVE;
				CLANG_CXX_LANGUAGE_STANDARD = "gnu++14";
				CLANG_CXX_LIBRARY = "libc++";
				CLANG_ENABLE_MODULES = YES;
				CLANG_ENABLE_OBJC_ARC = YES;
				CLANG_ENABLE_OBJC_WEAK = YES;
				CLANG_WARN_BLOCK_CAPTURE_AUTORELEASING = YES;
				CLANG_WARN_BOOL_CONVERSION = YES;
				CLANG_WARN_COMMA = YES;
				CLANG_WARN_CONSTANT_CONVERSION = YES;
				CLANG_WARN_DEPRECATED_OBJC_IMPLEMENTATIONS = YES;
				CLANG_WARN_DIRECT_OBJC_ISA_USAGE = YES_ERROR;
				CLANG_WARN_DOCUMENTATION_COMMENTS = YES;
				CLANG_WARN_EMPTY_BODY = YES;
				CLANG_WARN_ENUM_CONVERSION = YES;
				CLANG_WARN_INFINITE_RECURSION = YES;
				CLANG_WARN_INT_CONVERSION = YES;
				CLANG_WARN_NON_LITERAL_NULL_CONVERSION = YES;
				CLANG_WARN_OBJC_IMPLICIT_RETAIN_SELF = YES;
				CLANG_WARN_OBJC_LITERAL_CONVERSION = YES;
				CLANG_WARN_OBJC_ROOT_CLASS = YES_ERROR;
				CLANG_WARN_RANGE_LOOP_ANALYSIS = YES;
				CLANG_WARN_STRICT_PROTOTYPES = YES;
				CLANG_WARN_SUSPICIOUS_MOVE = YES;
				CLANG_WARN_UNGUARDED_AVAILABILITY = YES_AGGRESSIVE;
				CLANG_WARN_UNREACHABLE_CODE = YES;
				CLANG_WARN__DUPLICATE_METHOD_MATCH = YES;
				COPY_PHASE_STRIP = NO;
				DEBUG_INFORMATION_FORMAT = "dwarf-with-dsym";
				ENABLE_NS_ASSERTIONS = NO;
				ENABLE_STRICT_OBJC_MSGSEND = YES;
				GCC_C_LANGUAGE_STANDARD = gnu11;
				GCC_NO_COMMON_BLOCKS = YES;
				GCC_WARN_64_TO_32_BIT_CONVERSION = YES;
				GCC_WARN_ABOUT_RETURN_TYPE = YES_ERROR;
				GCC_WARN_UNDECLARED_SELECTOR = YES;
				GCC_WARN_UNINITIALIZED_AUTOS = YES_AGGRESSIVE;
				GCC_WARN_UNUSED_FUNCTION = YES;
				GCC_WARN_UNUSED_VARIABLE = YES;
				IPHONEOS_DEPLOYMENT_TARGET = 13.2;
				MTL_ENABLE_DEBUG_INFO = NO;
				MTL_FAST_MATH = YES;
				SDKROOT = iphoneos;
				SWIFT_COMPILATION_MODE = wholemodule;
				SWIFT_OPTIMIZATION_LEVEL = "-O";
				VALIDATE_PRODUCT = YES;
			};
			name = Release;
		};
		CE0C255F23F9B84C00C913AF /* Debug */ = {
			isa = XCBuildConfiguration;
			buildSettings = {
				ASSETCATALOG_COMPILER_APPICON_NAME = AppIcon;
				CODE_SIGN_STYLE = Automatic;
				INFOPLIST_FILE = "Progress Journal/Info.plist";
				LD_RUNPATH_SEARCH_PATHS = (
					"$(inherited)",
					"@executable_path/Frameworks",
				);
				PRODUCT_BUNDLE_IDENTIFIER = "com.jheisecke.Progress-Journal";
				PRODUCT_NAME = "$(TARGET_NAME)";
				SWIFT_VERSION = 5.0;
				TARGETED_DEVICE_FAMILY = "1,2";
			};
			name = Debug;
		};
		CE0C256023F9B84C00C913AF /* Release */ = {
			isa = XCBuildConfiguration;
			buildSettings = {
				ASSETCATALOG_COMPILER_APPICON_NAME = AppIcon;
				CODE_SIGN_STYLE = Automatic;
				INFOPLIST_FILE = "Progress Journal/Info.plist";
				LD_RUNPATH_SEARCH_PATHS = (
					"$(inherited)",
					"@executable_path/Frameworks",
				);
				PRODUCT_BUNDLE_IDENTIFIER = "com.jheisecke.Progress-Journal";
				PRODUCT_NAME = "$(TARGET_NAME)";
				SWIFT_VERSION = 5.0;
				TARGETED_DEVICE_FAMILY = "1,2";
			};
			name = Release;
		};
/* End XCBuildConfiguration section */

/* Begin XCConfigurationList section */
		CE0C254223F9B84800C913AF /* Build configuration list for PBXProject "Progress Journal" */ = {
			isa = XCConfigurationList;
			buildConfigurations = (
				CE0C255C23F9B84C00C913AF /* Debug */,
				CE0C255D23F9B84C00C913AF /* Release */,
			);
			defaultConfigurationIsVisible = 0;
			defaultConfigurationName = Release;
		};
		CE0C255E23F9B84C00C913AF /* Build configuration list for PBXNativeTarget "Progress Journal" */ = {
			isa = XCConfigurationList;
			buildConfigurations = (
				CE0C255F23F9B84C00C913AF /* Debug */,
				CE0C256023F9B84C00C913AF /* Release */,
			);
			defaultConfigurationIsVisible = 0;
			defaultConfigurationName = Release;
		};
/* End XCConfigurationList section */

/* Begin XCVersionGroup section */
		CE0C255323F9B84800C913AF /* Progress_Journal.xcdatamodeld */ = {
			isa = XCVersionGroup;
			children = (
				CE0C255423F9B84800C913AF /* Progress_Journal.xcdatamodel */,
			);
			currentVersion = CE0C255423F9B84800C913AF /* Progress_Journal.xcdatamodel */;
			path = Progress_Journal.xcdatamodeld;
			sourceTree = "<group>";
			versionGroupType = wrapper.xcdatamodel;
		};
/* End XCVersionGroup section */
	};
	rootObject = CE0C253F23F9B84800C913AF /* Project object */;
}
